// !$*UTF8*$!
{
	archiveVersion = 1;
	classes = {
	};
	objectVersion = 46;
	objects = {

/* Begin PBXBuildFile section */
		F10F71671E65BAA00049F3AA /* BlockTableViewController.swift in Sources */ = {isa = PBXBuildFile; fileRef = F10F71661E65BAA00049F3AA /* BlockTableViewController.swift */; };
		F10F71691E65BFF50049F3AA /* Block.swift in Sources */ = {isa = PBXBuildFile; fileRef = F10F71681E65BFF50049F3AA /* Block.swift */; };
		F12116991EA7E0DD009976B1 /* WWRobotAPI.framework in Frameworks */ = {isa = PBXBuildFile; fileRef = F12116981EA7E0DD009976B1 /* WWRobotAPI.framework */; };
		F121169B1EA7E153009976B1 /* CoreBluetooth.framework in Frameworks */ = {isa = PBXBuildFile; fileRef = F121169A1EA7E153009976B1 /* CoreBluetooth.framework */; };
		F121169D1EA7E1D5009976B1 /* libc++.tbd in Frameworks */ = {isa = PBXBuildFile; fileRef = F121169C1EA7E1D5009976B1 /* libc++.tbd */; };
		F121169F1EA823C8009976B1 /* RobotTableViewController.swift in Sources */ = {isa = PBXBuildFile; fileRef = F121169E1EA823C8009976B1 /* RobotTableViewController.swift */; };
		F134301A1E75EC050095C192 /* I3BlocksTypeTableViewController.swift in Sources */ = {isa = PBXBuildFile; fileRef = F13430191E75EC050095C192 /* I3BlocksTypeTableViewController.swift */; };
		F134301C1E75F3150095C192 /* I3BlocksCollectionViewController.swift in Sources */ = {isa = PBXBuildFile; fileRef = F134301B1E75F3150095C192 /* I3BlocksCollectionViewController.swift */; };
		F134301E1E76071D0095C192 /* I3BlockCollectionViewCell.swift in Sources */ = {isa = PBXBuildFile; fileRef = F134301D1E76071D0095C192 /* I3BlockCollectionViewCell.swift */; };
		F13430201E76395D0095C192 /* I4CollectionViewController.swift in Sources */ = {isa = PBXBuildFile; fileRef = F134301F1E76395D0095C192 /* I4CollectionViewController.swift */; };
		F13430221E763A720095C192 /* I4ViewController.swift in Sources */ = {isa = PBXBuildFile; fileRef = F13430211E763A720095C192 /* I4ViewController.swift */; };
		F13A0AD91E68B36A00DB4C86 /* HiddenRootViewController.m in Sources */ = {isa = PBXBuildFile; fileRef = F13A0ACC1E68B36A00DB4C86 /* HiddenRootViewController.m */; };
		F13A0ADA1E68B36A00DB4C86 /* HideableWindow.m in Sources */ = {isa = PBXBuildFile; fileRef = F13A0ACE1E68B36A00DB4C86 /* HideableWindow.m */; };
		F13A0ADB1E68B36A00DB4C86 /* OBDragDropManager.m in Sources */ = {isa = PBXBuildFile; fileRef = F13A0AD11E68B36A00DB4C86 /* OBDragDropManager.m */; };
		F13A0ADC1E68B36A00DB4C86 /* OBLongPressDragDropGestureRecognizer.m in Sources */ = {isa = PBXBuildFile; fileRef = F13A0AD41E68B36A00DB4C86 /* OBLongPressDragDropGestureRecognizer.m */; };
		F13A0ADD1E68B36A00DB4C86 /* UIGestureRecognizer+OBDragDrop.m in Sources */ = {isa = PBXBuildFile; fileRef = F13A0AD61E68B36A00DB4C86 /* UIGestureRecognizer+OBDragDrop.m */; };
		F13A0ADE1E68B36A00DB4C86 /* UIView+OBDropZone.m in Sources */ = {isa = PBXBuildFile; fileRef = F13A0AD81E68B36A00DB4C86 /* UIView+OBDropZone.m */; };
		F13A0AE31E69F4B100DB4C86 /* BlockCollectionViewCell.swift in Sources */ = {isa = PBXBuildFile; fileRef = F13A0AE21E69F4B100DB4C86 /* BlockCollectionViewCell.swift */; };
		F13A0AE71E6B27FB00DB4C86 /* BlocksMenu.plist in Resources */ = {isa = PBXBuildFile; fileRef = F13A0AE61E6B27FB00DB4C86 /* BlocksMenu.plist */; };
		F13A0AE91E6B2C3E00DB4C86 /* BlocksTypeTableViewController.swift in Sources */ = {isa = PBXBuildFile; fileRef = F13A0AE81E6B2C3E00DB4C86 /* BlocksTypeTableViewController.swift */; };
		F13A0AED1E6F5E5300DB4C86 /* DragInterfaceViewController.swift in Sources */ = {isa = PBXBuildFile; fileRef = F13A0AEC1E6F5E5300DB4C86 /* DragInterfaceViewController.swift */; };
		F13A0AEF1E6F628400DB4C86 /* StackedBlocksCollectionViewController.swift in Sources */ = {isa = PBXBuildFile; fileRef = F13A0AEE1E6F628400DB4C86 /* StackedBlocksCollectionViewController.swift */; };
		F13A0AF11E6FDD3E00DB4C86 /* I3ViewController.swift in Sources */ = {isa = PBXBuildFile; fileRef = F13A0AF01E6FDD3E00DB4C86 /* I3ViewController.swift */; };
		F13A0AF31E705F9A00DB4C86 /* I3BlockTableViewController.swift in Sources */ = {isa = PBXBuildFile; fileRef = F13A0AF21E705F9A00DB4C86 /* I3BlockTableViewController.swift */; };
		F18FEED81EAFBC9A007C15B8 /* I3ChooseBlockCollectionViewController.swift in Sources */ = {isa = PBXBuildFile; fileRef = F18FEED71EAFBC9A007C15B8 /* I3ChooseBlockCollectionViewController.swift */; };
		F18FEEDA1EB0FCC6007C15B8 /* BottomLayout.swift in Sources */ = {isa = PBXBuildFile; fileRef = F18FEED91EB0FCC6007C15B8 /* BottomLayout.swift */; };
		F18FFFB31E65B0FB0090C4B6 /* AppDelegate.swift in Sources */ = {isa = PBXBuildFile; fileRef = F18FFFB21E65B0FB0090C4B6 /* AppDelegate.swift */; };
		F18FFFB51E65B0FB0090C4B6 /* BlocksViewController.swift in Sources */ = {isa = PBXBuildFile; fileRef = F18FFFB41E65B0FB0090C4B6 /* BlocksViewController.swift */; };
		F18FFFB81E65B0FC0090C4B6 /* Main.storyboard in Resources */ = {isa = PBXBuildFile; fileRef = F18FFFB61E65B0FC0090C4B6 /* Main.storyboard */; };
		F18FFFBA1E65B0FC0090C4B6 /* Assets.xcassets in Resources */ = {isa = PBXBuildFile; fileRef = F18FFFB91E65B0FC0090C4B6 /* Assets.xcassets */; };
		F18FFFBD1E65B0FC0090C4B6 /* LaunchScreen.storyboard in Resources */ = {isa = PBXBuildFile; fileRef = F18FFFBB1E65B0FC0090C4B6 /* LaunchScreen.storyboard */; };
		F18FFFC81E65B0FC0090C4B6 /* BlocksForAllTests.swift in Sources */ = {isa = PBXBuildFile; fileRef = F18FFFC71E65B0FC0090C4B6 /* BlocksForAllTests.swift */; };
		F18FFFD31E65B4900090C4B6 /* BlockTableViewCell.swift in Sources */ = {isa = PBXBuildFile; fileRef = F18FFFD21E65B4900090C4B6 /* BlockTableViewCell.swift */; };
/* End PBXBuildFile section */

/* Begin PBXContainerItemProxy section */
		F18FFFC41E65B0FC0090C4B6 /* PBXContainerItemProxy */ = {
			isa = PBXContainerItemProxy;
			containerPortal = F18FFFA71E65B0FB0090C4B6 /* Project object */;
			proxyType = 1;
			remoteGlobalIDString = F18FFFAE1E65B0FB0090C4B6;
			remoteInfo = BlocksForAll;
		};
/* End PBXContainerItemProxy section */

/* Begin PBXFileReference section */
		F10F71661E65BAA00049F3AA /* BlockTableViewController.swift */ = {isa = PBXFileReference; fileEncoding = 4; lastKnownFileType = sourcecode.swift; path = BlockTableViewController.swift; sourceTree = "<group>"; };
		F10F71681E65BFF50049F3AA /* Block.swift */ = {isa = PBXFileReference; fileEncoding = 4; lastKnownFileType = sourcecode.swift; path = Block.swift; sourceTree = "<group>"; };
		F10F716C1E663A520049F3AA /* BlocksForAll-Bridging-Header.h */ = {isa = PBXFileReference; lastKnownFileType = sourcecode.c.h; path = "BlocksForAll-Bridging-Header.h"; sourceTree = "<group>"; };
		F12116981EA7E0DD009976B1 /* WWRobotAPI.framework */ = {isa = PBXFileReference; lastKnownFileType = wrapper.framework; name = WWRobotAPI.framework; path = BlocksForAll/WWRobotAPI.framework; sourceTree = "<group>"; };
		F121169A1EA7E153009976B1 /* CoreBluetooth.framework */ = {isa = PBXFileReference; lastKnownFileType = wrapper.framework; name = CoreBluetooth.framework; path = System/Library/Frameworks/CoreBluetooth.framework; sourceTree = SDKROOT; };
		F121169C1EA7E1D5009976B1 /* libc++.tbd */ = {isa = PBXFileReference; lastKnownFileType = "sourcecode.text-based-dylib-definition"; name = "libc++.tbd"; path = "usr/lib/libc++.tbd"; sourceTree = SDKROOT; };
		F121169E1EA823C8009976B1 /* RobotTableViewController.swift */ = {isa = PBXFileReference; fileEncoding = 4; lastKnownFileType = sourcecode.swift; path = RobotTableViewController.swift; sourceTree = "<group>"; };
		F13430191E75EC050095C192 /* I3BlocksTypeTableViewController.swift */ = {isa = PBXFileReference; fileEncoding = 4; lastKnownFileType = sourcecode.swift; path = I3BlocksTypeTableViewController.swift; sourceTree = "<group>"; };
		F134301B1E75F3150095C192 /* I3BlocksCollectionViewController.swift */ = {isa = PBXFileReference; fileEncoding = 4; lastKnownFileType = sourcecode.swift; path = I3BlocksCollectionViewController.swift; sourceTree = "<group>"; };
		F134301D1E76071D0095C192 /* I3BlockCollectionViewCell.swift */ = {isa = PBXFileReference; fileEncoding = 4; lastKnownFileType = sourcecode.swift; path = I3BlockCollectionViewCell.swift; sourceTree = "<group>"; };
		F134301F1E76395D0095C192 /* I4CollectionViewController.swift */ = {isa = PBXFileReference; fileEncoding = 4; lastKnownFileType = sourcecode.swift; path = I4CollectionViewController.swift; sourceTree = "<group>"; };
		F13430211E763A720095C192 /* I4ViewController.swift */ = {isa = PBXFileReference; fileEncoding = 4; lastKnownFileType = sourcecode.swift; path = I4ViewController.swift; sourceTree = "<group>"; };
		F13A0ACB1E68B36A00DB4C86 /* HiddenRootViewController.h */ = {isa = PBXFileReference; fileEncoding = 4; lastKnownFileType = sourcecode.c.h; name = HiddenRootViewController.h; path = Classes/HiddenRootViewController.h; sourceTree = "<group>"; };
		F13A0ACC1E68B36A00DB4C86 /* HiddenRootViewController.m */ = {isa = PBXFileReference; fileEncoding = 4; lastKnownFileType = sourcecode.c.objc; name = HiddenRootViewController.m; path = Classes/HiddenRootViewController.m; sourceTree = "<group>"; };
		F13A0ACD1E68B36A00DB4C86 /* HideableWindow.h */ = {isa = PBXFileReference; fileEncoding = 4; lastKnownFileType = sourcecode.c.h; name = HideableWindow.h; path = Classes/HideableWindow.h; sourceTree = "<group>"; };
		F13A0ACE1E68B36A00DB4C86 /* HideableWindow.m */ = {isa = PBXFileReference; fileEncoding = 4; lastKnownFileType = sourcecode.c.objc; name = HideableWindow.m; path = Classes/HideableWindow.m; sourceTree = "<group>"; };
		F13A0ACF1E68B36A00DB4C86 /* OBDragDrop.h */ = {isa = PBXFileReference; fileEncoding = 4; lastKnownFileType = sourcecode.c.h; name = OBDragDrop.h; path = Classes/OBDragDrop.h; sourceTree = "<group>"; };
		F13A0AD01E68B36A00DB4C86 /* OBDragDropManager.h */ = {isa = PBXFileReference; fileEncoding = 4; lastKnownFileType = sourcecode.c.h; name = OBDragDropManager.h; path = Classes/OBDragDropManager.h; sourceTree = "<group>"; };
		F13A0AD11E68B36A00DB4C86 /* OBDragDropManager.m */ = {isa = PBXFileReference; fileEncoding = 4; lastKnownFileType = sourcecode.c.objc; name = OBDragDropManager.m; path = Classes/OBDragDropManager.m; sourceTree = "<group>"; };
		F13A0AD21E68B36A00DB4C86 /* OBDragDropProtocol.h */ = {isa = PBXFileReference; fileEncoding = 4; lastKnownFileType = sourcecode.c.h; name = OBDragDropProtocol.h; path = Classes/OBDragDropProtocol.h; sourceTree = "<group>"; };
		F13A0AD31E68B36A00DB4C86 /* OBLongPressDragDropGestureRecognizer.h */ = {isa = PBXFileReference; fileEncoding = 4; lastKnownFileType = sourcecode.c.h; name = OBLongPressDragDropGestureRecognizer.h; path = Classes/OBLongPressDragDropGestureRecognizer.h; sourceTree = "<group>"; };
		F13A0AD41E68B36A00DB4C86 /* OBLongPressDragDropGestureRecognizer.m */ = {isa = PBXFileReference; fileEncoding = 4; lastKnownFileType = sourcecode.c.objc; name = OBLongPressDragDropGestureRecognizer.m; path = Classes/OBLongPressDragDropGestureRecognizer.m; sourceTree = "<group>"; };
		F13A0AD51E68B36A00DB4C86 /* UIGestureRecognizer+OBDragDrop.h */ = {isa = PBXFileReference; fileEncoding = 4; lastKnownFileType = sourcecode.c.h; name = "UIGestureRecognizer+OBDragDrop.h"; path = "Classes/UIGestureRecognizer+OBDragDrop.h"; sourceTree = "<group>"; };
		F13A0AD61E68B36A00DB4C86 /* UIGestureRecognizer+OBDragDrop.m */ = {isa = PBXFileReference; fileEncoding = 4; lastKnownFileType = sourcecode.c.objc; name = "UIGestureRecognizer+OBDragDrop.m"; path = "Classes/UIGestureRecognizer+OBDragDrop.m"; sourceTree = "<group>"; };
		F13A0AD71E68B36A00DB4C86 /* UIView+OBDropZone.h */ = {isa = PBXFileReference; fileEncoding = 4; lastKnownFileType = sourcecode.c.h; name = "UIView+OBDropZone.h"; path = "Classes/UIView+OBDropZone.h"; sourceTree = "<group>"; };
		F13A0AD81E68B36A00DB4C86 /* UIView+OBDropZone.m */ = {isa = PBXFileReference; fileEncoding = 4; lastKnownFileType = sourcecode.c.objc; name = "UIView+OBDropZone.m"; path = "Classes/UIView+OBDropZone.m"; sourceTree = "<group>"; };
		F13A0AE21E69F4B100DB4C86 /* BlockCollectionViewCell.swift */ = {isa = PBXFileReference; fileEncoding = 4; lastKnownFileType = sourcecode.swift; path = BlockCollectionViewCell.swift; sourceTree = "<group>"; };
		F13A0AE61E6B27FB00DB4C86 /* BlocksMenu.plist */ = {isa = PBXFileReference; fileEncoding = 4; lastKnownFileType = text.plist.xml; path = BlocksMenu.plist; sourceTree = "<group>"; };
		F13A0AE81E6B2C3E00DB4C86 /* BlocksTypeTableViewController.swift */ = {isa = PBXFileReference; fileEncoding = 4; lastKnownFileType = sourcecode.swift; path = BlocksTypeTableViewController.swift; sourceTree = "<group>"; };
		F13A0AEC1E6F5E5300DB4C86 /* DragInterfaceViewController.swift */ = {isa = PBXFileReference; fileEncoding = 4; lastKnownFileType = sourcecode.swift; path = DragInterfaceViewController.swift; sourceTree = "<group>"; };
		F13A0AEE1E6F628400DB4C86 /* StackedBlocksCollectionViewController.swift */ = {isa = PBXFileReference; fileEncoding = 4; lastKnownFileType = sourcecode.swift; path = StackedBlocksCollectionViewController.swift; sourceTree = "<group>"; };
		F13A0AF01E6FDD3E00DB4C86 /* I3ViewController.swift */ = {isa = PBXFileReference; fileEncoding = 4; lastKnownFileType = sourcecode.swift; path = I3ViewController.swift; sourceTree = "<group>"; };
		F13A0AF21E705F9A00DB4C86 /* I3BlockTableViewController.swift */ = {isa = PBXFileReference; fileEncoding = 4; lastKnownFileType = sourcecode.swift; path = I3BlockTableViewController.swift; sourceTree = "<group>"; };
		F18FEED71EAFBC9A007C15B8 /* I3ChooseBlockCollectionViewController.swift */ = {isa = PBXFileReference; fileEncoding = 4; lastKnownFileType = sourcecode.swift; path = I3ChooseBlockCollectionViewController.swift; sourceTree = "<group>"; };
		F18FEED91EB0FCC6007C15B8 /* BottomLayout.swift */ = {isa = PBXFileReference; fileEncoding = 4; lastKnownFileType = sourcecode.swift; path = BottomLayout.swift; sourceTree = "<group>"; };
		F18FFFAF1E65B0FB0090C4B6 /* BlocksForAll.app */ = {isa = PBXFileReference; explicitFileType = wrapper.application; includeInIndex = 0; path = BlocksForAll.app; sourceTree = BUILT_PRODUCTS_DIR; };
		F18FFFB21E65B0FB0090C4B6 /* AppDelegate.swift */ = {isa = PBXFileReference; lastKnownFileType = sourcecode.swift; path = AppDelegate.swift; sourceTree = "<group>"; };
		F18FFFB41E65B0FB0090C4B6 /* BlocksViewController.swift */ = {isa = PBXFileReference; lastKnownFileType = sourcecode.swift; path = BlocksViewController.swift; sourceTree = "<group>"; };
		F18FFFB71E65B0FC0090C4B6 /* Base */ = {isa = PBXFileReference; lastKnownFileType = file.storyboard; name = Base; path = Base.lproj/Main.storyboard; sourceTree = "<group>"; };
		F18FFFB91E65B0FC0090C4B6 /* Assets.xcassets */ = {isa = PBXFileReference; lastKnownFileType = folder.assetcatalog; path = Assets.xcassets; sourceTree = "<group>"; };
		F18FFFBC1E65B0FC0090C4B6 /* Base */ = {isa = PBXFileReference; lastKnownFileType = file.storyboard; name = Base; path = Base.lproj/LaunchScreen.storyboard; sourceTree = "<group>"; };
		F18FFFBE1E65B0FC0090C4B6 /* Info.plist */ = {isa = PBXFileReference; lastKnownFileType = text.plist.xml; path = Info.plist; sourceTree = "<group>"; };
		F18FFFC31E65B0FC0090C4B6 /* BlocksForAllTests.xctest */ = {isa = PBXFileReference; explicitFileType = wrapper.cfbundle; includeInIndex = 0; path = BlocksForAllTests.xctest; sourceTree = BUILT_PRODUCTS_DIR; };
		F18FFFC71E65B0FC0090C4B6 /* BlocksForAllTests.swift */ = {isa = PBXFileReference; lastKnownFileType = sourcecode.swift; path = BlocksForAllTests.swift; sourceTree = "<group>"; };
		F18FFFC91E65B0FC0090C4B6 /* Info.plist */ = {isa = PBXFileReference; lastKnownFileType = text.plist.xml; path = Info.plist; sourceTree = "<group>"; };
		F18FFFD21E65B4900090C4B6 /* BlockTableViewCell.swift */ = {isa = PBXFileReference; fileEncoding = 4; lastKnownFileType = sourcecode.swift; path = BlockTableViewCell.swift; sourceTree = "<group>"; };
/* End PBXFileReference section */

/* Begin PBXFrameworksBuildPhase section */
		F18FFFAC1E65B0FB0090C4B6 /* Frameworks */ = {
			isa = PBXFrameworksBuildPhase;
			buildActionMask = 2147483647;
			files = (
				F121169D1EA7E1D5009976B1 /* libc++.tbd in Frameworks */,
				F121169B1EA7E153009976B1 /* CoreBluetooth.framework in Frameworks */,
				F12116991EA7E0DD009976B1 /* WWRobotAPI.framework in Frameworks */,
			);
			runOnlyForDeploymentPostprocessing = 0;
		};
		F18FFFC01E65B0FC0090C4B6 /* Frameworks */ = {
			isa = PBXFrameworksBuildPhase;
			buildActionMask = 2147483647;
			files = (
			);
			runOnlyForDeploymentPostprocessing = 0;
		};
/* End PBXFrameworksBuildPhase section */

/* Begin PBXGroup section */
		F12116971EA7E0DA009976B1 /* Frameworks */ = {
			isa = PBXGroup;
			children = (
				F121169C1EA7E1D5009976B1 /* libc++.tbd */,
				F121169A1EA7E153009976B1 /* CoreBluetooth.framework */,
				F12116981EA7E0DD009976B1 /* WWRobotAPI.framework */,
			);
			name = Frameworks;
			sourceTree = "<group>";
		};
		F13A0ADF1E68B38800DB4C86 /* DragDrop */ = {
			isa = PBXGroup;
			children = (
				F13A0ACB1E68B36A00DB4C86 /* HiddenRootViewController.h */,
				F13A0ACC1E68B36A00DB4C86 /* HiddenRootViewController.m */,
				F13A0ACD1E68B36A00DB4C86 /* HideableWindow.h */,
				F13A0ACE1E68B36A00DB4C86 /* HideableWindow.m */,
				F13A0ACF1E68B36A00DB4C86 /* OBDragDrop.h */,
				F13A0AD01E68B36A00DB4C86 /* OBDragDropManager.h */,
				F13A0AD11E68B36A00DB4C86 /* OBDragDropManager.m */,
				F13A0AD21E68B36A00DB4C86 /* OBDragDropProtocol.h */,
				F13A0AD31E68B36A00DB4C86 /* OBLongPressDragDropGestureRecognizer.h */,
				F13A0AD41E68B36A00DB4C86 /* OBLongPressDragDropGestureRecognizer.m */,
				F13A0AD51E68B36A00DB4C86 /* UIGestureRecognizer+OBDragDrop.h */,
				F13A0AD61E68B36A00DB4C86 /* UIGestureRecognizer+OBDragDrop.m */,
				F13A0AD71E68B36A00DB4C86 /* UIView+OBDropZone.h */,
				F13A0AD81E68B36A00DB4C86 /* UIView+OBDropZone.m */,
			);
			name = DragDrop;
			sourceTree = "<group>";
		};
		F18FEEDB1EB115AF007C15B8 /* Helper */ = {
			isa = PBXGroup;
			children = (
				F18FFFB91E65B0FC0090C4B6 /* Assets.xcassets */,
				F18FFFBB1E65B0FC0090C4B6 /* LaunchScreen.storyboard */,
				F18FFFBE1E65B0FC0090C4B6 /* Info.plist */,
				F13A0AE61E6B27FB00DB4C86 /* BlocksMenu.plist */,
				F10F716C1E663A520049F3AA /* BlocksForAll-Bridging-Header.h */,
				F18FFFB21E65B0FB0090C4B6 /* AppDelegate.swift */,
			);
			name = Helper;
			sourceTree = "<group>";
		};
		F18FEEDC1EB11668007C15B8 /* I1andI2 */ = {
			isa = PBXGroup;
			children = (
				F13A0AE21E69F4B100DB4C86 /* BlockCollectionViewCell.swift */,
				F18FFFD21E65B4900090C4B6 /* BlockTableViewCell.swift */,
				F13A0AE81E6B2C3E00DB4C86 /* BlocksTypeTableViewController.swift */,
				F10F71661E65BAA00049F3AA /* BlockTableViewController.swift */,
				F18FFFB41E65B0FB0090C4B6 /* BlocksViewController.swift */,
				F13A0AEC1E6F5E5300DB4C86 /* DragInterfaceViewController.swift */,
				F13A0AEE1E6F628400DB4C86 /* StackedBlocksCollectionViewController.swift */,
			);
			name = I1andI2;
			sourceTree = "<group>";
		};
		F18FEEDD1EB118AD007C15B8 /* I3andI4 */ = {
			isa = PBXGroup;
			children = (
				F18FEED91EB0FCC6007C15B8 /* BottomLayout.swift */,
				F134301F1E76395D0095C192 /* I4CollectionViewController.swift */,
				F13430211E763A720095C192 /* I4ViewController.swift */,
				F13A0AF01E6FDD3E00DB4C86 /* I3ViewController.swift */,
				F134301B1E75F3150095C192 /* I3BlocksCollectionViewController.swift */,
				F18FEED71EAFBC9A007C15B8 /* I3ChooseBlockCollectionViewController.swift */,
				F13430191E75EC050095C192 /* I3BlocksTypeTableViewController.swift */,
				F13A0AF21E705F9A00DB4C86 /* I3BlockTableViewController.swift */,
				F134301D1E76071D0095C192 /* I3BlockCollectionViewCell.swift */,
			);
			name = I3andI4;
			sourceTree = "<group>";
		};
		F18FFFA61E65B0FB0090C4B6 = {
			isa = PBXGroup;
			children = (
				F18FFFB11E65B0FB0090C4B6 /* BlocksForAll */,
				F18FFFC61E65B0FC0090C4B6 /* BlocksForAllTests */,
				F18FFFB01E65B0FB0090C4B6 /* Products */,
				F12116971EA7E0DA009976B1 /* Frameworks */,
			);
			sourceTree = "<group>";
		};
		F18FFFB01E65B0FB0090C4B6 /* Products */ = {
			isa = PBXGroup;
			children = (
				F18FFFAF1E65B0FB0090C4B6 /* BlocksForAll.app */,
				F18FFFC31E65B0FC0090C4B6 /* BlocksForAllTests.xctest */,
			);
			name = Products;
			sourceTree = "<group>";
		};
		F18FFFB11E65B0FB0090C4B6 /* BlocksForAll */ = {
			isa = PBXGroup;
			children = (
				F18FFFB61E65B0FC0090C4B6 /* Main.storyboard */,
				F18FEEDB1EB115AF007C15B8 /* Helper */,
				F13A0ADF1E68B38800DB4C86 /* DragDrop */,
				F18FEEDD1EB118AD007C15B8 /* I3andI4 */,
				F18FEEDC1EB11668007C15B8 /* I1andI2 */,
				F121169E1EA823C8009976B1 /* RobotTableViewController.swift */,
				F10F71681E65BFF50049F3AA /* Block.swift */,
			);
			path = BlocksForAll;
			sourceTree = "<group>";
		};
		F18FFFC61E65B0FC0090C4B6 /* BlocksForAllTests */ = {
			isa = PBXGroup;
			children = (
				F18FFFC71E65B0FC0090C4B6 /* BlocksForAllTests.swift */,
				F18FFFC91E65B0FC0090C4B6 /* Info.plist */,
			);
			path = BlocksForAllTests;
			sourceTree = "<group>";
		};
/* End PBXGroup section */

/* Begin PBXNativeTarget section */
		F18FFFAE1E65B0FB0090C4B6 /* BlocksForAll */ = {
			isa = PBXNativeTarget;
			buildConfigurationList = F18FFFCC1E65B0FC0090C4B6 /* Build configuration list for PBXNativeTarget "BlocksForAll" */;
			buildPhases = (
				F18FFFAB1E65B0FB0090C4B6 /* Sources */,
				F18FFFAC1E65B0FB0090C4B6 /* Frameworks */,
				F18FFFAD1E65B0FB0090C4B6 /* Resources */,
			);
			buildRules = (
			);
			dependencies = (
			);
			name = BlocksForAll;
			productName = BlocksForAll;
			productReference = F18FFFAF1E65B0FB0090C4B6 /* BlocksForAll.app */;
			productType = "com.apple.product-type.application";
		};
		F18FFFC21E65B0FC0090C4B6 /* BlocksForAllTests */ = {
			isa = PBXNativeTarget;
			buildConfigurationList = F18FFFCF1E65B0FC0090C4B6 /* Build configuration list for PBXNativeTarget "BlocksForAllTests" */;
			buildPhases = (
				F18FFFBF1E65B0FC0090C4B6 /* Sources */,
				F18FFFC01E65B0FC0090C4B6 /* Frameworks */,
				F18FFFC11E65B0FC0090C4B6 /* Resources */,
			);
			buildRules = (
			);
			dependencies = (
				F18FFFC51E65B0FC0090C4B6 /* PBXTargetDependency */,
			);
			name = BlocksForAllTests;
			productName = BlocksForAllTests;
			productReference = F18FFFC31E65B0FC0090C4B6 /* BlocksForAllTests.xctest */;
			productType = "com.apple.product-type.bundle.unit-test";
		};
/* End PBXNativeTarget section */

/* Begin PBXProject section */
		F18FFFA71E65B0FB0090C4B6 /* Project object */ = {
			isa = PBXProject;
			attributes = {
				LastSwiftUpdateCheck = 0820;
				LastUpgradeCheck = 0820;
				ORGANIZATIONNAME = "Lauren Milne";
				TargetAttributes = {
					F18FFFAE1E65B0FB0090C4B6 = {
						CreatedOnToolsVersion = 8.2.1;
						DevelopmentTeam = 6F3U4HX6V7;
						ProvisioningStyle = Automatic;
					};
					F18FFFC21E65B0FC0090C4B6 = {
						CreatedOnToolsVersion = 8.2.1;
						ProvisioningStyle = Automatic;
						TestTargetID = F18FFFAE1E65B0FB0090C4B6;
					};
				};
			};
			buildConfigurationList = F18FFFAA1E65B0FB0090C4B6 /* Build configuration list for PBXProject "BlocksForAll" */;
			compatibilityVersion = "Xcode 3.2";
			developmentRegion = English;
			hasScannedForEncodings = 0;
			knownRegions = (
				en,
				Base,
			);
			mainGroup = F18FFFA61E65B0FB0090C4B6;
			productRefGroup = F18FFFB01E65B0FB0090C4B6 /* Products */;
			projectDirPath = "";
			projectRoot = "";
			targets = (
				F18FFFAE1E65B0FB0090C4B6 /* BlocksForAll */,
				F18FFFC21E65B0FC0090C4B6 /* BlocksForAllTests */,
			);
		};
/* End PBXProject section */

/* Begin PBXResourcesBuildPhase section */
		F18FFFAD1E65B0FB0090C4B6 /* Resources */ = {
			isa = PBXResourcesBuildPhase;
			buildActionMask = 2147483647;
			files = (
				F18FFFBD1E65B0FC0090C4B6 /* LaunchScreen.storyboard in Resources */,
				F13A0AE71E6B27FB00DB4C86 /* BlocksMenu.plist in Resources */,
				F18FFFBA1E65B0FC0090C4B6 /* Assets.xcassets in Resources */,
				F18FFFB81E65B0FC0090C4B6 /* Main.storyboard in Resources */,
			);
			runOnlyForDeploymentPostprocessing = 0;
		};
		F18FFFC11E65B0FC0090C4B6 /* Resources */ = {
			isa = PBXResourcesBuildPhase;
			buildActionMask = 2147483647;
			files = (
			);
			runOnlyForDeploymentPostprocessing = 0;
		};
/* End PBXResourcesBuildPhase section */

/* Begin PBXSourcesBuildPhase section */
		F18FFFAB1E65B0FB0090C4B6 /* Sources */ = {
			isa = PBXSourcesBuildPhase;
			buildActionMask = 2147483647;
			files = (
				F13A0ADE1E68B36A00DB4C86 /* UIView+OBDropZone.m in Sources */,
				F134301E1E76071D0095C192 /* I3BlockCollectionViewCell.swift in Sources */,
				F13A0ADD1E68B36A00DB4C86 /* UIGestureRecognizer+OBDragDrop.m in Sources */,
				F18FEEDA1EB0FCC6007C15B8 /* BottomLayout.swift in Sources */,
				F13A0AF11E6FDD3E00DB4C86 /* I3ViewController.swift in Sources */,
				F18FFFD31E65B4900090C4B6 /* BlockTableViewCell.swift in Sources */,
				F13430201E76395D0095C192 /* I4CollectionViewController.swift in Sources */,
				F13A0AED1E6F5E5300DB4C86 /* DragInterfaceViewController.swift in Sources */,
				F13A0AF31E705F9A00DB4C86 /* I3BlockTableViewController.swift in Sources */,
				F18FFFB51E65B0FB0090C4B6 /* BlocksViewController.swift in Sources */,
				F10F71691E65BFF50049F3AA /* Block.swift in Sources */,
				F18FFFB31E65B0FB0090C4B6 /* AppDelegate.swift in Sources */,
				F13A0ADC1E68B36A00DB4C86 /* OBLongPressDragDropGestureRecognizer.m in Sources */,
				F13A0ADA1E68B36A00DB4C86 /* HideableWindow.m in Sources */,
				F13A0ADB1E68B36A00DB4C86 /* OBDragDropManager.m in Sources */,
				F13A0AE31E69F4B100DB4C86 /* BlockCollectionViewCell.swift in Sources */,
				F121169F1EA823C8009976B1 /* RobotTableViewController.swift in Sources */,
				F13A0AD91E68B36A00DB4C86 /* HiddenRootViewController.m in Sources */,
				F10F71671E65BAA00049F3AA /* BlockTableViewController.swift in Sources */,
				F13A0AEF1E6F628400DB4C86 /* StackedBlocksCollectionViewController.swift in Sources */,
				F134301A1E75EC050095C192 /* I3BlocksTypeTableViewController.swift in Sources */,
				F13430221E763A720095C192 /* I4ViewController.swift in Sources */,
				F18FEED81EAFBC9A007C15B8 /* I3ChooseBlockCollectionViewController.swift in Sources */,
				F134301C1E75F3150095C192 /* I3BlocksCollectionViewController.swift in Sources */,
				F13A0AE91E6B2C3E00DB4C86 /* BlocksTypeTableViewController.swift in Sources */,
			);
			runOnlyForDeploymentPostprocessing = 0;
		};
		F18FFFBF1E65B0FC0090C4B6 /* Sources */ = {
			isa = PBXSourcesBuildPhase;
			buildActionMask = 2147483647;
			files = (
				F18FFFC81E65B0FC0090C4B6 /* BlocksForAllTests.swift in Sources */,
			);
			runOnlyForDeploymentPostprocessing = 0;
		};
/* End PBXSourcesBuildPhase section */

/* Begin PBXTargetDependency section */
		F18FFFC51E65B0FC0090C4B6 /* PBXTargetDependency */ = {
			isa = PBXTargetDependency;
			target = F18FFFAE1E65B0FB0090C4B6 /* BlocksForAll */;
			targetProxy = F18FFFC41E65B0FC0090C4B6 /* PBXContainerItemProxy */;
		};
/* End PBXTargetDependency section */

/* Begin PBXVariantGroup section */
		F18FFFB61E65B0FC0090C4B6 /* Main.storyboard */ = {
			isa = PBXVariantGroup;
			children = (
				F18FFFB71E65B0FC0090C4B6 /* Base */,
			);
			name = Main.storyboard;
			sourceTree = "<group>";
		};
		F18FFFBB1E65B0FC0090C4B6 /* LaunchScreen.storyboard */ = {
			isa = PBXVariantGroup;
			children = (
				F18FFFBC1E65B0FC0090C4B6 /* Base */,
			);
			name = LaunchScreen.storyboard;
			sourceTree = "<group>";
		};
/* End PBXVariantGroup section */

/* Begin XCBuildConfiguration section */
		F18FFFCA1E65B0FC0090C4B6 /* Debug */ = {
			isa = XCBuildConfiguration;
			buildSettings = {
				ALWAYS_SEARCH_USER_PATHS = NO;
				CLANG_ANALYZER_NONNULL = YES;
				CLANG_CXX_LANGUAGE_STANDARD = "gnu++0x";
				CLANG_CXX_LIBRARY = "libc++";
				CLANG_ENABLE_MODULES = YES;
				CLANG_ENABLE_OBJC_ARC = YES;
				CLANG_WARN_BOOL_CONVERSION = YES;
				CLANG_WARN_CONSTANT_CONVERSION = YES;
				CLANG_WARN_DIRECT_OBJC_ISA_USAGE = YES_ERROR;
				CLANG_WARN_DOCUMENTATION_COMMENTS = YES;
				CLANG_WARN_EMPTY_BODY = YES;
				CLANG_WARN_ENUM_CONVERSION = YES;
				CLANG_WARN_INFINITE_RECURSION = YES;
				CLANG_WARN_INT_CONVERSION = YES;
				CLANG_WARN_OBJC_ROOT_CLASS = YES_ERROR;
				CLANG_WARN_SUSPICIOUS_MOVE = YES;
				CLANG_WARN_UNREACHABLE_CODE = YES;
				CLANG_WARN__DUPLICATE_METHOD_MATCH = YES;
				"CODE_SIGN_IDENTITY[sdk=iphoneos*]" = "iPhone Developer";
				COPY_PHASE_STRIP = NO;
				DEBUG_INFORMATION_FORMAT = dwarf;
				ENABLE_STRICT_OBJC_MSGSEND = YES;
				ENABLE_TESTABILITY = YES;
				GCC_C_LANGUAGE_STANDARD = gnu99;
				GCC_DYNAMIC_NO_PIC = NO;
				GCC_NO_COMMON_BLOCKS = YES;
				GCC_OPTIMIZATION_LEVEL = 0;
				GCC_PREPROCESSOR_DEFINITIONS = (
					"DEBUG=1",
					"$(inherited)",
				);
				GCC_WARN_64_TO_32_BIT_CONVERSION = YES;
				GCC_WARN_ABOUT_RETURN_TYPE = YES_ERROR;
				GCC_WARN_UNDECLARED_SELECTOR = YES;
				GCC_WARN_UNINITIALIZED_AUTOS = YES_AGGRESSIVE;
				GCC_WARN_UNUSED_FUNCTION = YES;
				GCC_WARN_UNUSED_VARIABLE = YES;
				IPHONEOS_DEPLOYMENT_TARGET = 10.2;
				MTL_ENABLE_DEBUG_INFO = YES;
				ONLY_ACTIVE_ARCH = YES;
				SDKROOT = iphoneos;
				SWIFT_ACTIVE_COMPILATION_CONDITIONS = DEBUG;
				SWIFT_OPTIMIZATION_LEVEL = "-Onone";
				TARGETED_DEVICE_FAMILY = 2;
			};
			name = Debug;
		};
		F18FFFCB1E65B0FC0090C4B6 /* Release */ = {
			isa = XCBuildConfiguration;
			buildSettings = {
				ALWAYS_SEARCH_USER_PATHS = NO;
				CLANG_ANALYZER_NONNULL = YES;
				CLANG_CXX_LANGUAGE_STANDARD = "gnu++0x";
				CLANG_CXX_LIBRARY = "libc++";
				CLANG_ENABLE_MODULES = YES;
				CLANG_ENABLE_OBJC_ARC = YES;
				CLANG_WARN_BOOL_CONVERSION = YES;
				CLANG_WARN_CONSTANT_CONVERSION = YES;
				CLANG_WARN_DIRECT_OBJC_ISA_USAGE = YES_ERROR;
				CLANG_WARN_DOCUMENTATION_COMMENTS = YES;
				CLANG_WARN_EMPTY_BODY = YES;
				CLANG_WARN_ENUM_CONVERSION = YES;
				CLANG_WARN_INFINITE_RECURSION = YES;
				CLANG_WARN_INT_CONVERSION = YES;
				CLANG_WARN_OBJC_ROOT_CLASS = YES_ERROR;
				CLANG_WARN_SUSPICIOUS_MOVE = YES;
				CLANG_WARN_UNREACHABLE_CODE = YES;
				CLANG_WARN__DUPLICATE_METHOD_MATCH = YES;
				"CODE_SIGN_IDENTITY[sdk=iphoneos*]" = "iPhone Developer";
				COPY_PHASE_STRIP = NO;
				DEBUG_INFORMATION_FORMAT = "dwarf-with-dsym";
				ENABLE_NS_ASSERTIONS = NO;
				ENABLE_STRICT_OBJC_MSGSEND = YES;
				GCC_C_LANGUAGE_STANDARD = gnu99;
				GCC_NO_COMMON_BLOCKS = YES;
				GCC_WARN_64_TO_32_BIT_CONVERSION = YES;
				GCC_WARN_ABOUT_RETURN_TYPE = YES_ERROR;
				GCC_WARN_UNDECLARED_SELECTOR = YES;
				GCC_WARN_UNINITIALIZED_AUTOS = YES_AGGRESSIVE;
				GCC_WARN_UNUSED_FUNCTION = YES;
				GCC_WARN_UNUSED_VARIABLE = YES;
				IPHONEOS_DEPLOYMENT_TARGET = 10.2;
				MTL_ENABLE_DEBUG_INFO = NO;
				SDKROOT = iphoneos;
				SWIFT_OPTIMIZATION_LEVEL = "-Owholemodule";
				TARGETED_DEVICE_FAMILY = 2;
				VALIDATE_PRODUCT = YES;
			};
			name = Release;
		};
		F18FFFCD1E65B0FC0090C4B6 /* Debug */ = {
			isa = XCBuildConfiguration;
			buildSettings = {
				ASSETCATALOG_COMPILER_APPICON_NAME = AppIcon;
				"CODE_SIGN_IDENTITY[sdk=iphoneos*]" = "iPhone Developer";
				DEVELOPMENT_TEAM = 6F3U4HX6V7;
				ENABLE_BITCODE = NO;
				FRAMEWORK_SEARCH_PATHS = (
					"$(inherited)",
					"$(PROJECT_DIR)/BlocksForAll",
				);
				INFOPLIST_FILE = BlocksForAll/Info.plist;
				LD_RUNPATH_SEARCH_PATHS = "$(inherited) @executable_path/Frameworks";
				PRODUCT_BUNDLE_IDENTIFIER = edu.uw.milnel2.BlocksForAll;
				PRODUCT_NAME = "$(TARGET_NAME)";
				PROVISIONING_PROFILE_SPECIFIER = "";
				SWIFT_OBJC_BRIDGING_HEADER = "BlocksForAll/BlocksForAll-Bridging-Header.h";
				SWIFT_VERSION = 3.0;
				VALID_ARCHS = "arm64 armv7 armv7s";
			};
			name = Debug;
		};
		F18FFFCE1E65B0FC0090C4B6 /* Release */ = {
			isa = XCBuildConfiguration;
			buildSettings = {
				ASSETCATALOG_COMPILER_APPICON_NAME = AppIcon;
				"CODE_SIGN_IDENTITY[sdk=iphoneos*]" = "iPhone Developer";
				DEVELOPMENT_TEAM = 6F3U4HX6V7;
				ENABLE_BITCODE = NO;
				FRAMEWORK_SEARCH_PATHS = (
					"$(inherited)",
					"$(PROJECT_DIR)/BlocksForAll",
				);
				INFOPLIST_FILE = BlocksForAll/Info.plist;
				LD_RUNPATH_SEARCH_PATHS = "$(inherited) @executable_path/Frameworks";
				PRODUCT_BUNDLE_IDENTIFIER = edu.uw.milnel2.BlocksForAll;
				PRODUCT_NAME = "$(TARGET_NAME)";
				PROVISIONING_PROFILE_SPECIFIER = "";
				SWIFT_OBJC_BRIDGING_HEADER = "BlocksForAll/BlocksForAll-Bridging-Header.h";
				SWIFT_VERSION = 3.0;
				VALID_ARCHS = "arm64 armv7 armv7s";
			};
			name = Release;
		};
		F18FFFD01E65B0FC0090C4B6 /* Debug */ = {
			isa = XCBuildConfiguration;
			buildSettings = {
				ALWAYS_EMBED_SWIFT_STANDARD_LIBRARIES = YES;
				BUNDLE_LOADER = "$(TEST_HOST)";
				INFOPLIST_FILE = BlocksForAllTests/Info.plist;
				LD_RUNPATH_SEARCH_PATHS = "$(inherited) @executable_path/Frameworks @loader_path/Frameworks";
				PRODUCT_BUNDLE_IDENTIFIER = edu.uw.milnel2.BlocksForAllTests;
				PRODUCT_NAME = "$(TARGET_NAME)";
				SWIFT_VERSION = 3.0;
				TEST_HOST = "$(BUILT_PRODUCTS_DIR)/BlocksForAll.app/BlocksForAll";
			};
			name = Debug;
		};
		F18FFFD11E65B0FC0090C4B6 /* Release */ = {
			isa = XCBuildConfiguration;
			buildSettings = {
				ALWAYS_EMBED_SWIFT_STANDARD_LIBRARIES = YES;
				BUNDLE_LOADER = "$(TEST_HOST)";
				INFOPLIST_FILE = BlocksForAllTests/Info.plist;
				LD_RUNPATH_SEARCH_PATHS = "$(inherited) @executable_path/Frameworks @loader_path/Frameworks";
				PRODUCT_BUNDLE_IDENTIFIER = edu.uw.milnel2.BlocksForAllTests;
				PRODUCT_NAME = "$(TARGET_NAME)";
				SWIFT_VERSION = 3.0;
				TEST_HOST = "$(BUILT_PRODUCTS_DIR)/BlocksForAll.app/BlocksForAll";
			};
			name = Release;
		};
/* End XCBuildConfiguration section */

/* Begin XCConfigurationList section */
		F18FFFAA1E65B0FB0090C4B6 /* Build configuration list for PBXProject "BlocksForAll" */ = {
			isa = XCConfigurationList;
			buildConfigurations = (
				F18FFFCA1E65B0FC0090C4B6 /* Debug */,
				F18FFFCB1E65B0FC0090C4B6 /* Release */,
			);
			defaultConfigurationIsVisible = 0;
			defaultConfigurationName = Release;
		};
		F18FFFCC1E65B0FC0090C4B6 /* Build configuration list for PBXNativeTarget "BlocksForAll" */ = {
			isa = XCConfigurationList;
			buildConfigurations = (
				F18FFFCD1E65B0FC0090C4B6 /* Debug */,
				F18FFFCE1E65B0FC0090C4B6 /* Release */,
			);
			defaultConfigurationIsVisible = 0;
			defaultConfigurationName = Release;
		};
		F18FFFCF1E65B0FC0090C4B6 /* Build configuration list for PBXNativeTarget "BlocksForAllTests" */ = {
			isa = XCConfigurationList;
			buildConfigurations = (
				F18FFFD01E65B0FC0090C4B6 /* Debug */,
				F18FFFD11E65B0FC0090C4B6 /* Release */,
			);
			defaultConfigurationIsVisible = 0;
			defaultConfigurationName = Release;
		};
/* End XCConfigurationList section */
	};
	rootObject = F18FFFA71E65B0FB0090C4B6 /* Project object */;
}
